
Microsoft Visual Studio Solution File, Format Version 12.00
# Visual Studio Version 16
VisualStudioVersion = 16.0.29418.71
MinimumVisualStudioVersion = 10.0.40219.1
Project("{9A19103F-16F7-4668-BE54-9A1E7A4F7556}") = "NgSight.API", "NgSight.API.csproj", "{4E8903C8-1E88-4B39-8707-0B89D0A6BA40}"
EndProject
Global
	GlobalSection(SolutionConfigurationPlatforms) = preSolution
		Debug|Any CPU = Debug|Any CPU
		Release|Any CPU = Release|Any CPU
	EndGlobalSection
	GlobalSection(ProjectConfigurationPlatforms) = postSolution
		{4E8903C8-1E88-4B39-8707-0B89D0A6BA40}.Debug|Any CPU.ActiveCfg = Debug|Any CPU
		{4E8903C8-1E88-4B39-8707-0B89D0A6BA40}.Debug|Any CPU.Build.0 = Debug|Any CPU
		{4E8903C8-1E88-4B39-8707-0B89D0A6BA40}.Release|Any CPU.ActiveCfg = Release|Any CPU
		{4E8903C8-1E88-4B39-8707-0B89D0A6BA40}.Release|Any CPU.Build.0 = Release|Any CPU
	EndGlobalSection
	GlobalSection(SolutionProperties) = preSolution
		HideSolutionNode = FALSE
	EndGlobalSection
	GlobalSection(ExtensibilityGlobals) = postSolution
		SolutionGuid = {7148B245-41D7-433D-8E5D-BF91B55C39E4}
	EndGlobalSection
EndGlobal
